
Microsoft Visual Studio Solution File, Format Version 12.00
# Visual Studio 15
VisualStudioVersion = 15.0.27130.2027
MinimumVisualStudioVersion = 10.0.40219.1
Project("{FAE04EC0-301F-11D3-BF4B-00C04F79EFBC}") = "CSharpExamples", "cSharpExamples\CSharpExamples.csproj", "{DFEF75E7-1401-4310-A7C7-20830A71CBEF}"
EndProject
Project("{FAE04EC0-301F-11D3-BF4B-00C04F79EFBC}") = "UnitTests", "UnitTests\UnitTests.csproj", "{CE213EC6-F0D6-4BE0-85A2-6A584BC83FE9}"
EndProject
Global
	GlobalSection(SolutionConfigurationPlatforms) = preSolution
		Debug|Any CPU = Debug|Any CPU
		Release|Any CPU = Release|Any CPU
	EndGlobalSection
	GlobalSection(ProjectConfigurationPlatforms) = postSolution
		{DFEF75E7-1401-4310-A7C7-20830A71CBEF}.Debug|Any CPU.ActiveCfg = Debug|Any CPU
		{DFEF75E7-1401-4310-A7C7-20830A71CBEF}.Debug|Any CPU.Build.0 = Debug|Any CPU
		{DFEF75E7-1401-4310-A7C7-20830A71CBEF}.Release|Any CPU.ActiveCfg = Release|Any CPU
		{DFEF75E7-1401-4310-A7C7-20830A71CBEF}.Release|Any CPU.Build.0 = Release|Any CPU
		{CE213EC6-F0D6-4BE0-85A2-6A584BC83FE9}.Debug|Any CPU.ActiveCfg = Debug|Any CPU
		{CE213EC6-F0D6-4BE0-85A2-6A584BC83FE9}.Debug|Any CPU.Build.0 = Debug|Any CPU
		{CE213EC6-F0D6-4BE0-85A2-6A584BC83FE9}.Release|Any CPU.ActiveCfg = Release|Any CPU
		{CE213EC6-F0D6-4BE0-85A2-6A584BC83FE9}.Release|Any CPU.Build.0 = Release|Any CPU
	EndGlobalSection
	GlobalSection(SolutionProperties) = preSolution
		HideSolutionNode = FALSE
	EndGlobalSection
	GlobalSection(ExtensibilityGlobals) = postSolution
		SolutionGuid = {06610B25-F928-4199-A50D-6C6B6FC1C3D7}
	EndGlobalSection
EndGlobal
